
Microsoft Visual Studio Solution File, Format Version 12.00
# Visual Studio Version 16
VisualStudioVersion = 16.0.29519.181
MinimumVisualStudioVersion = 10.0.40219.1
Project("{FAE04EC0-301F-11D3-BF4B-00C04F79EFBC}") = "add-copyright", "add-copyright.csproj", "{1FCC5F67-060D-4D3A-AD25-72595BC7C16E}"
EndProject
Project("{2150E333-8FDC-42A3-9474-1A3956D46DE8}") = "General", "General", "{C95303F0-7AB5-4B7D-890F-F5C364296CBB}"
	ProjectSection(SolutionItems) = preProject
		..\.editorconfig = ..\.editorconfig
		..\.gitignore = ..\.gitignore
		copyright.template = copyright.template
		..\LICENSE = ..\LICENSE
		..\README.md = ..\README.md
	EndProjectSection
EndProject
Global
	GlobalSection(SolutionConfigurationPlatforms) = preSolution
		Debug|Any CPU = Debug|Any CPU
		Release|Any CPU = Release|Any CPU
	EndGlobalSection
	GlobalSection(ProjectConfigurationPlatforms) = postSolution
		{1FCC5F67-060D-4D3A-AD25-72595BC7C16E}.Debug|Any CPU.ActiveCfg = Debug|Any CPU
		{1FCC5F67-060D-4D3A-AD25-72595BC7C16E}.Debug|Any CPU.Build.0 = Debug|Any CPU
		{1FCC5F67-060D-4D3A-AD25-72595BC7C16E}.Release|Any CPU.ActiveCfg = Release|Any CPU
		{1FCC5F67-060D-4D3A-AD25-72595BC7C16E}.Release|Any CPU.Build.0 = Release|Any CPU
	EndGlobalSection
	GlobalSection(SolutionProperties) = preSolution
		HideSolutionNode = FALSE
	EndGlobalSection
	GlobalSection(ExtensibilityGlobals) = postSolution
		SolutionGuid = {5826131E-86CD-4344-A872-B2B0A2FFA00E}
	EndGlobalSection
EndGlobal
